
Microsoft Visual Studio Solution File, Format Version 12.00
# Visual Studio Version 17
VisualStudioVersion = 17.5.33502.453
MinimumVisualStudioVersion = 10.0.40219.1
Project("{FAE04EC0-301F-11D3-BF4B-00C04F79EFBC}") = "Golden_Fish", "Golden_Fish\Golden_Fish.csproj", "{FF95C16A-52DD-413B-ACF4-7E999EDE8D15}"
EndProject
Global
	GlobalSection(SolutionConfigurationPlatforms) = preSolution
		Debug|Any CPU = Debug|Any CPU
		Release|Any CPU = Release|Any CPU
	EndGlobalSection
	GlobalSection(ProjectConfigurationPlatforms) = postSolution
		{FF95C16A-52DD-413B-ACF4-7E999EDE8D15}.Debug|Any CPU.ActiveCfg = Debug|Any CPU
		{FF95C16A-52DD-413B-ACF4-7E999EDE8D15}.Debug|Any CPU.Build.0 = Debug|Any CPU
		{FF95C16A-52DD-413B-ACF4-7E999EDE8D15}.Release|Any CPU.ActiveCfg = Release|Any CPU
		{FF95C16A-52DD-413B-ACF4-7E999EDE8D15}.Release|Any CPU.Build.0 = Release|Any CPU
	EndGlobalSection
	GlobalSection(SolutionProperties) = preSolution
		HideSolutionNode = FALSE
	EndGlobalSection
	GlobalSection(ExtensibilityGlobals) = postSolution
		SolutionGuid = {BC9A180A-4776-4D2E-8BA4-1A7C5426C956}
	EndGlobalSection
EndGlobal
